
Microsoft Visual Studio Solution File, Format Version 12.00
# Visual Studio Version 16
VisualStudioVersion = 16.0.30907.101
MinimumVisualStudioVersion = 10.0.40219.1
Project("{FAE04EC0-301F-11D3-BF4B-00C04F79EFBC}") = "ArrayDiffentyDataTypeGeneric", "ArrayDiffentyDataTypeGeneric\ArrayDiffentyDataTypeGeneric.csproj", "{52EAB1CB-9023-43B3-AFC4-10EA72210CC6}"
EndProject
Global
	GlobalSection(SolutionConfigurationPlatforms) = preSolution
		Debug|Any CPU = Debug|Any CPU
		Release|Any CPU = Release|Any CPU
	EndGlobalSection
	GlobalSection(ProjectConfigurationPlatforms) = postSolution
		{52EAB1CB-9023-43B3-AFC4-10EA72210CC6}.Debug|Any CPU.ActiveCfg = Debug|Any CPU
		{52EAB1CB-9023-43B3-AFC4-10EA72210CC6}.Debug|Any CPU.Build.0 = Debug|Any CPU
		{52EAB1CB-9023-43B3-AFC4-10EA72210CC6}.Release|Any CPU.ActiveCfg = Release|Any CPU
		{52EAB1CB-9023-43B3-AFC4-10EA72210CC6}.Release|Any CPU.Build.0 = Release|Any CPU
	EndGlobalSection
	GlobalSection(SolutionProperties) = preSolution
		HideSolutionNode = FALSE
	EndGlobalSection
	GlobalSection(ExtensibilityGlobals) = postSolution
		SolutionGuid = {719C6941-8BA1-473B-A4B0-869294660481}
	EndGlobalSection
EndGlobal
